# This file is autogenerated, do not edit; changes may be undone by the next 'dep ensure'.


[[projects]]
  name = "github.com/fsnotify/fsnotify"
  packages = ["."]
  revision = "v1.4.2"

[[projects]]
  name = "github.com/urfave/cli"
  packages = ["."]
  revision = "v1.19.1"

[[projects]]
  branch = "master"
  name = "golang.org/x/sys"
  packages = ["unix"]
  revision = "07c182904dbd53199946ba614a412c61d3c548f5"

[solve-meta]
  analyzer-name = "dep"
  analyzer-version = 1
  inputs-digest = "23ffd0d5c5f77a19ea97dab74c2d76cb63e8c2fec6901933487c83ecd3ad4eeb"
  solver-name = "gps-cdcl"
  solver-version = 1
